
Microsoft Visual Studio Solution File, Format Version 12.00
# Visual Studio 2013
VisualStudioVersion = 12.0.31101.0
MinimumVisualStudioVersion = 10.0.40219.1
Project("{FAE04EC0-301F-11D3-BF4B-00C04F79EFBC}") = "CSharpExample", "CSharpExample\CSharpExample.csproj", "{865714BC-57AC-462D-B282-229D9C4001F0}"
EndProject
Project("{2150E333-8FDC-42A3-9474-1A3956D46DE8}") = ".nuget", ".nuget", "{9D786B43-E26C-4CC1-BF7A-BA3ADE5AA758}"
	ProjectSection(SolutionItems) = preProject
		.nuget\packages.config = .nuget\packages.config
	EndProjectSection
EndProject
Global
	GlobalSection(SolutionConfigurationPlatforms) = preSolution
		Debug|Any CPU = Debug|Any CPU
		Release|Any CPU = Release|Any CPU
	EndGlobalSection
	GlobalSection(ProjectConfigurationPlatforms) = postSolution
		{865714BC-57AC-462D-B282-229D9C4001F0}.Debug|Any CPU.ActiveCfg = Debug|Any CPU
		{865714BC-57AC-462D-B282-229D9C4001F0}.Debug|Any CPU.Build.0 = Debug|Any CPU
		{865714BC-57AC-462D-B282-229D9C4001F0}.Release|Any CPU.ActiveCfg = Release|Any CPU
		{865714BC-57AC-462D-B282-229D9C4001F0}.Release|Any CPU.Build.0 = Release|Any CPU
	EndGlobalSection
	GlobalSection(SolutionProperties) = preSolution
		HideSolutionNode = FALSE
	EndGlobalSection
EndGlobal
